// !$*UTF8*$!
{
	archiveVersion = 1;
	classes = {
	};
	objectVersion = 50;
	objects = {

/* Begin PBXBuildFile section */
		2CA3E87525FCE70000EB81F8 /* AppDelegate.swift in Sources */ = {isa = PBXBuildFile; fileRef = 2CA3E87425FCE70000EB81F8 /* AppDelegate.swift */; };
		2CA3E87725FCE70000EB81F8 /* SceneDelegate.swift in Sources */ = {isa = PBXBuildFile; fileRef = 2CA3E87625FCE70000EB81F8 /* SceneDelegate.swift */; };
		2CA3E87925FCE70000EB81F8 /* MainViewController.swift in Sources */ = {isa = PBXBuildFile; fileRef = 2CA3E87825FCE70000EB81F8 /* MainViewController.swift */; };
		2CA3E87E25FCE70300EB81F8 /* Assets.xcassets in Resources */ = {isa = PBXBuildFile; fileRef = 2CA3E87D25FCE70300EB81F8 /* Assets.xcassets */; };
		2CA3E88125FCE70300EB81F8 /* LaunchScreen.storyboard in Resources */ = {isa = PBXBuildFile; fileRef = 2CA3E87F25FCE70300EB81F8 /* LaunchScreen.storyboard */; };
		2CA3E88C25FCE70300EB81F8 /* MapKitTryinTests.swift in Sources */ = {isa = PBXBuildFile; fileRef = 2CA3E88B25FCE70300EB81F8 /* MapKitTryinTests.swift */; };
		2CA3E89725FCE70300EB81F8 /* MapKitTryinUITests.swift in Sources */ = {isa = PBXBuildFile; fileRef = 2CA3E89625FCE70300EB81F8 /* MapKitTryinUITests.swift */; };
/* End PBXBuildFile section */

/* Begin PBXContainerItemProxy section */
		2CA3E88825FCE70300EB81F8 /* PBXContainerItemProxy */ = {
			isa = PBXContainerItemProxy;
			containerPortal = 2CA3E86925FCE70000EB81F8 /* Project object */;
			proxyType = 1;
			remoteGlobalIDString = 2CA3E87025FCE70000EB81F8;
			remoteInfo = MapKitTryin;
		};
		2CA3E89325FCE70300EB81F8 /* PBXContainerItemProxy */ = {
			isa = PBXContainerItemProxy;
			containerPortal = 2CA3E86925FCE70000EB81F8 /* Project object */;
			proxyType = 1;
			remoteGlobalIDString = 2CA3E87025FCE70000EB81F8;
			remoteInfo = MapKitTryin;
		};
/* End PBXContainerItemProxy section */

/* Begin PBXFileReference section */
		2CA3E87125FCE70000EB81F8 /* MapKitTryin.app */ = {isa = PBXFileReference; explicitFileType = wrapper.application; includeInIndex = 0; path = MapKitTryin.app; sourceTree = BUILT_PRODUCTS_DIR; };
		2CA3E87425FCE70000EB81F8 /* AppDelegate.swift */ = {isa = PBXFileReference; lastKnownFileType = sourcecode.swift; path = AppDelegate.swift; sourceTree = "<group>"; };
		2CA3E87625FCE70000EB81F8 /* SceneDelegate.swift */ = {isa = PBXFileReference; lastKnownFileType = sourcecode.swift; path = SceneDelegate.swift; sourceTree = "<group>"; };
		2CA3E87825FCE70000EB81F8 /* MainViewController.swift */ = {isa = PBXFileReference; lastKnownFileType = sourcecode.swift; path = MainViewController.swift; sourceTree = "<group>"; };
		2CA3E87D25FCE70300EB81F8 /* Assets.xcassets */ = {isa = PBXFileReference; lastKnownFileType = folder.assetcatalog; path = Assets.xcassets; sourceTree = "<group>"; };
		2CA3E88025FCE70300EB81F8 /* Base */ = {isa = PBXFileReference; lastKnownFileType = file.storyboard; name = Base; path = Base.lproj/LaunchScreen.storyboard; sourceTree = "<group>"; };
		2CA3E88225FCE70300EB81F8 /* Info.plist */ = {isa = PBXFileReference; lastKnownFileType = text.plist.xml; path = Info.plist; sourceTree = "<group>"; };
		2CA3E88725FCE70300EB81F8 /* MapKitTryinTests.xctest */ = {isa = PBXFileReference; explicitFileType = wrapper.cfbundle; includeInIndex = 0; path = MapKitTryinTests.xctest; sourceTree = BUILT_PRODUCTS_DIR; };
		2CA3E88B25FCE70300EB81F8 /* MapKitTryinTests.swift */ = {isa = PBXFileReference; lastKnownFileType = sourcecode.swift; path = MapKitTryinTests.swift; sourceTree = "<group>"; };
		2CA3E88D25FCE70300EB81F8 /* Info.plist */ = {isa = PBXFileReference; lastKnownFileType = text.plist.xml; path = Info.plist; sourceTree = "<group>"; };
		2CA3E89225FCE70300EB81F8 /* MapKitTryinUITests.xctest */ = {isa = PBXFileReference; explicitFileType = wrapper.cfbundle; includeInIndex = 0; path = MapKitTryinUITests.xctest; sourceTree = BUILT_PRODUCTS_DIR; };
		2CA3E89625FCE70300EB81F8 /* MapKitTryinUITests.swift */ = {isa = PBXFileReference; lastKnownFileType = sourcecode.swift; path = MapKitTryinUITests.swift; sourceTree = "<group>"; };
		2CA3E89825FCE70300EB81F8 /* Info.plist */ = {isa = PBXFileReference; lastKnownFileType = text.plist.xml; path = Info.plist; sourceTree = "<group>"; };
/* End PBXFileReference section */

/* Begin PBXFrameworksBuildPhase section */
		2CA3E86E25FCE70000EB81F8 /* Frameworks */ = {
			isa = PBXFrameworksBuildPhase;
			buildActionMask = 2147483647;
			files = (
			);
			runOnlyForDeploymentPostprocessing = 0;
		};
		2CA3E88425FCE70300EB81F8 /* Frameworks */ = {
			isa = PBXFrameworksBuildPhase;
			buildActionMask = 2147483647;
			files = (
			);
			runOnlyForDeploymentPostprocessing = 0;
		};
		2CA3E88F25FCE70300EB81F8 /* Frameworks */ = {
			isa = PBXFrameworksBuildPhase;
			buildActionMask = 2147483647;
			files = (
			);
			runOnlyForDeploymentPostprocessing = 0;
		};
/* End PBXFrameworksBuildPhase section */

/* Begin PBXGroup section */
		2CA3E86825FCE70000EB81F8 = {
			isa = PBXGroup;
			children = (
				2CA3E8B425FCE91600EB81F8 /* Tests */,
				2CA3E87325FCE70000EB81F8 /* MapKitTryin */,
				2CA3E87225FCE70000EB81F8 /* Products */,
			);
			sourceTree = "<group>";
		};
		2CA3E87225FCE70000EB81F8 /* Products */ = {
			isa = PBXGroup;
			children = (
				2CA3E87125FCE70000EB81F8 /* MapKitTryin.app */,
				2CA3E88725FCE70300EB81F8 /* MapKitTryinTests.xctest */,
				2CA3E89225FCE70300EB81F8 /* MapKitTryinUITests.xctest */,
			);
			name = Products;
			sourceTree = "<group>";
		};
		2CA3E87325FCE70000EB81F8 /* MapKitTryin */ = {
			isa = PBXGroup;
			children = (
				2CA3E8AD25FCE7A300EB81F8 /* Views */,
				2CA3E87425FCE70000EB81F8 /* AppDelegate.swift */,
				2CA3E87625FCE70000EB81F8 /* SceneDelegate.swift */,
				2CA3E87D25FCE70300EB81F8 /* Assets.xcassets */,
				2CA3E87F25FCE70300EB81F8 /* LaunchScreen.storyboard */,
				2CA3E88225FCE70300EB81F8 /* Info.plist */,
			);
			path = MapKitTryin;
			sourceTree = "<group>";
		};
		2CA3E88A25FCE70300EB81F8 /* MapKitTryinTests */ = {
			isa = PBXGroup;
			children = (
				2CA3E88B25FCE70300EB81F8 /* MapKitTryinTests.swift */,
				2CA3E88D25FCE70300EB81F8 /* Info.plist */,
			);
			path = MapKitTryinTests;
			sourceTree = "<group>";
		};
		2CA3E89525FCE70300EB81F8 /* MapKitTryinUITests */ = {
			isa = PBXGroup;
			children = (
				2CA3E89625FCE70300EB81F8 /* MapKitTryinUITests.swift */,
				2CA3E89825FCE70300EB81F8 /* Info.plist */,
			);
			path = MapKitTryinUITests;
			sourceTree = "<group>";
		};
		2CA3E8AD25FCE7A300EB81F8 /* Views */ = {
			isa = PBXGroup;
			children = (
				2CA3E87825FCE70000EB81F8 /* MainViewController.swift */,
			);
			path = Views;
			sourceTree = "<group>";
		};
		2CA3E8B425FCE91600EB81F8 /* Tests */ = {
			isa = PBXGroup;
			children = (
				2CA3E89525FCE70300EB81F8 /* MapKitTryinUITests */,
				2CA3E88A25FCE70300EB81F8 /* MapKitTryinTests */,
			);
			path = Tests;
			sourceTree = "<group>";
		};
/* End PBXGroup section */

/* Begin PBXNativeTarget section */
		2CA3E87025FCE70000EB81F8 /* MapKitTryin */ = {
			isa = PBXNativeTarget;
			buildConfigurationList = 2CA3E89B25FCE70300EB81F8 /* Build configuration list for PBXNativeTarget "MapKitTryin" */;
			buildPhases = (
				2CA3E86D25FCE70000EB81F8 /* Sources */,
				2CA3E86E25FCE70000EB81F8 /* Frameworks */,
				2CA3E86F25FCE70000EB81F8 /* Resources */,
			);
			buildRules = (
			);
			dependencies = (
			);
			name = MapKitTryin;
			productName = MapKitTryin;
			productReference = 2CA3E87125FCE70000EB81F8 /* MapKitTryin.app */;
			productType = "com.apple.product-type.application";
		};
		2CA3E88625FCE70300EB81F8 /* MapKitTryinTests */ = {
			isa = PBXNativeTarget;
			buildConfigurationList = 2CA3E89E25FCE70300EB81F8 /* Build configuration list for PBXNativeTarget "MapKitTryinTests" */;
			buildPhases = (
				2CA3E88325FCE70300EB81F8 /* Sources */,
				2CA3E88425FCE70300EB81F8 /* Frameworks */,
				2CA3E88525FCE70300EB81F8 /* Resources */,
			);
			buildRules = (
			);
			dependencies = (
				2CA3E88925FCE70300EB81F8 /* PBXTargetDependency */,
			);
			name = MapKitTryinTests;
			productName = MapKitTryinTests;
			productReference = 2CA3E88725FCE70300EB81F8 /* MapKitTryinTests.xctest */;
			productType = "com.apple.product-type.bundle.unit-test";
		};
		2CA3E89125FCE70300EB81F8 /* MapKitTryinUITests */ = {
			isa = PBXNativeTarget;
			buildConfigurationList = 2CA3E8A125FCE70300EB81F8 /* Build configuration list for PBXNativeTarget "MapKitTryinUITests" */;
			buildPhases = (
				2CA3E88E25FCE70300EB81F8 /* Sources */,
				2CA3E88F25FCE70300EB81F8 /* Frameworks */,
				2CA3E89025FCE70300EB81F8 /* Resources */,
			);
			buildRules = (
			);
			dependencies = (
				2CA3E89425FCE70300EB81F8 /* PBXTargetDependency */,
			);
			name = MapKitTryinUITests;
			productName = MapKitTryinUITests;
			productReference = 2CA3E89225FCE70300EB81F8 /* MapKitTryinUITests.xctest */;
			productType = "com.apple.product-type.bundle.ui-testing";
		};
/* End PBXNativeTarget section */

/* Begin PBXProject section */
		2CA3E86925FCE70000EB81F8 /* Project object */ = {
			isa = PBXProject;
			attributes = {
				LastSwiftUpdateCheck = 1240;
				LastUpgradeCheck = 1240;
				TargetAttributes = {
					2CA3E87025FCE70000EB81F8 = {
						CreatedOnToolsVersion = 12.4;
					};
					2CA3E88625FCE70300EB81F8 = {
						CreatedOnToolsVersion = 12.4;
						TestTargetID = 2CA3E87025FCE70000EB81F8;
					};
					2CA3E89125FCE70300EB81F8 = {
						CreatedOnToolsVersion = 12.4;
						TestTargetID = 2CA3E87025FCE70000EB81F8;
					};
				};
			};
			buildConfigurationList = 2CA3E86C25FCE70000EB81F8 /* Build configuration list for PBXProject "MapKitTryin" */;
			compatibilityVersion = "Xcode 9.3";
			developmentRegion = en;
			hasScannedForEncodings = 0;
			knownRegions = (
				en,
				Base,
			);
			mainGroup = 2CA3E86825FCE70000EB81F8;
			productRefGroup = 2CA3E87225FCE70000EB81F8 /* Products */;
			projectDirPath = "";
			projectRoot = "";
			targets = (
				2CA3E87025FCE70000EB81F8 /* MapKitTryin */,
				2CA3E88625FCE70300EB81F8 /* MapKitTryinTests */,
				2CA3E89125FCE70300EB81F8 /* MapKitTryinUITests */,
			);
		};
/* End PBXProject section */

/* Begin PBXResourcesBuildPhase section */
		2CA3E86F25FCE70000EB81F8 /* Resources */ = {
			isa = PBXResourcesBuildPhase;
			buildActionMask = 2147483647;
			files = (
				2CA3E88125FCE70300EB81F8 /* LaunchScreen.storyboard in Resources */,
				2CA3E87E25FCE70300EB81F8 /* Assets.xcassets in Resources */,
			);
			runOnlyForDeploymentPostprocessing = 0;
		};
		2CA3E88525FCE70300EB81F8 /* Resources */ = {
			isa = PBXResourcesBuildPhase;
			buildActionMask = 2147483647;
			files = (
			);
			runOnlyForDeploymentPostprocessing = 0;
		};
		2CA3E89025FCE70300EB81F8 /* Resources */ = {
			isa = PBXResourcesBuildPhase;
			buildActionMask = 2147483647;
			files = (
			);
			runOnlyForDeploymentPostprocessing = 0;
		};
/* End PBXResourcesBuildPhase section */

/* Begin PBXSourcesBuildPhase section */
		2CA3E86D25FCE70000EB81F8 /* Sources */ = {
			isa = PBXSourcesBuildPhase;
			buildActionMask = 2147483647;
			files = (
				2CA3E87925FCE70000EB81F8 /* MainViewController.swift in Sources */,
				2CA3E87525FCE70000EB81F8 /* AppDelegate.swift in Sources */,
				2CA3E87725FCE70000EB81F8 /* SceneDelegate.swift in Sources */,
			);
			runOnlyForDeploymentPostprocessing = 0;
		};
		2CA3E88325FCE70300EB81F8 /* Sources */ = {
			isa = PBXSourcesBuildPhase;
			buildActionMask = 2147483647;
			files = (
				2CA3E88C25FCE70300EB81F8 /* MapKitTryinTests.swift in Sources */,
			);
			runOnlyForDeploymentPostprocessing = 0;
		};
		2CA3E88E25FCE70300EB81F8 /* Sources */ = {
			isa = PBXSourcesBuildPhase;
			buildActionMask = 2147483647;
			files = (
				2CA3E89725FCE70300EB81F8 /* MapKitTryinUITests.swift in Sources */,
			);
			runOnlyForDeploymentPostprocessing = 0;
		};
/* End PBXSourcesBuildPhase section */

/* Begin PBXTargetDependency section */
		2CA3E88925FCE70300EB81F8 /* PBXTargetDependency */ = {
			isa = PBXTargetDependency;
			target = 2CA3E87025FCE70000EB81F8 /* MapKitTryin */;
			targetProxy = 2CA3E88825FCE70300EB81F8 /* PBXContainerItemProxy */;
		};
		2CA3E89425FCE70300EB81F8 /* PBXTargetDependency */ = {
			isa = PBXTargetDependency;
			target = 2CA3E87025FCE70000EB81F8 /* MapKitTryin */;
			targetProxy = 2CA3E89325FCE70300EB81F8 /* PBXContainerItemProxy */;
		};
/* End PBXTargetDependency section */

/* Begin PBXVariantGroup section */
		2CA3E87F25FCE70300EB81F8 /* LaunchScreen.storyboard */ = {
			isa = PBXVariantGroup;
			children = (
				2CA3E88025FCE70300EB81F8 /* Base */,
			);
			name = LaunchScreen.storyboard;
			sourceTree = "<group>";
		};
/* End PBXVariantGroup section */

/* Begin XCBuildConfiguration section */
		2CA3E89925FCE70300EB81F8 /* Debug */ = {
			isa = XCBuildConfiguration;
			buildSettings = {
				ALWAYS_SEARCH_USER_PATHS = NO;
				CLANG_ANALYZER_NONNULL = YES;
				CLANG_ANALYZER_NUMBER_OBJECT_CONVERSION = YES_AGGRESSIVE;
				CLANG_CXX_LANGUAGE_STANDARD = "gnu++14";
				CLANG_CXX_LIBRARY = "libc++";
				CLANG_ENABLE_MODULES = YES;
				CLANG_ENABLE_OBJC_ARC = YES;
				CLANG_ENABLE_OBJC_WEAK = YES;
				CLANG_WARN_BLOCK_CAPTURE_AUTORELEASING = YES;
				CLANG_WARN_BOOL_CONVERSION = YES;
				CLANG_WARN_COMMA = YES;
				CLANG_WARN_CONSTANT_CONVERSION = YES;
				CLANG_WARN_DEPRECATED_OBJC_IMPLEMENTATIONS = YES;
				CLANG_WARN_DIRECT_OBJC_ISA_USAGE = YES_ERROR;
				CLANG_WARN_DOCUMENTATION_COMMENTS = YES;
				CLANG_WARN_EMPTY_BODY = YES;
				CLANG_WARN_ENUM_CONVERSION = YES;
				CLANG_WARN_INFINITE_RECURSION = YES;
				CLANG_WARN_INT_CONVERSION = YES;
				CLANG_WARN_NON_LITERAL_NULL_CONVERSION = YES;
				CLANG_WARN_OBJC_IMPLICIT_RETAIN_SELF = YES;
				CLANG_WARN_OBJC_LITERAL_CONVERSION = YES;
				CLANG_WARN_OBJC_ROOT_CLASS = YES_ERROR;
				CLANG_WARN_QUOTED_INCLUDE_IN_FRAMEWORK_HEADER = YES;
				CLANG_WARN_RANGE_LOOP_ANALYSIS = YES;
				CLANG_WARN_STRICT_PROTOTYPES = YES;
				CLANG_WARN_SUSPICIOUS_MOVE = YES;
				CLANG_WARN_UNGUARDED_AVAILABILITY = YES_AGGRESSIVE;
				CLANG_WARN_UNREACHABLE_CODE = YES;
				CLANG_WARN__DUPLICATE_METHOD_MATCH = YES;
				COPY_PHASE_STRIP = NO;
				DEBUG_INFORMATION_FORMAT = dwarf;
				ENABLE_STRICT_OBJC_MSGSEND = YES;
				ENABLE_TESTABILITY = YES;
				GCC_C_LANGUAGE_STANDARD = gnu11;
				GCC_DYNAMIC_NO_PIC = NO;
				GCC_NO_COMMON_BLOCKS = YES;
				GCC_OPTIMIZATION_LEVEL = 0;
				GCC_PREPROCESSOR_DEFINITIONS = (
					"DEBUG=1",
					"$(inherited)",
				);
				GCC_WARN_64_TO_32_BIT_CONVERSION = YES;
				GCC_WARN_ABOUT_RETURN_TYPE = YES_ERROR;
				GCC_WARN_UNDECLARED_SELECTOR = YES;
				GCC_WARN_UNINITIALIZED_AUTOS = YES_AGGRESSIVE;
				GCC_WARN_UNUSED_FUNCTION = YES;
				GCC_WARN_UNUSED_VARIABLE = YES;
				IPHONEOS_DEPLOYMENT_TARGET = 14.4;
				MTL_ENABLE_DEBUG_INFO = INCLUDE_SOURCE;
				MTL_FAST_MATH = YES;
				ONLY_ACTIVE_ARCH = YES;
				SDKROOT = iphoneos;
				SWIFT_ACTIVE_COMPILATION_CONDITIONS = DEBUG;
				SWIFT_OPTIMIZATION_LEVEL = "-Onone";
			};
			name = Debug;
		};
		2CA3E89A25FCE70300EB81F8 /* Release */ = {
			isa = XCBuildConfiguration;
			buildSettings = {
				ALWAYS_SEARCH_USER_PATHS = NO;
				CLANG_ANALYZER_NONNULL = YES;
				CLANG_ANALYZER_NUMBER_OBJECT_CONVERSION = YES_AGGRESSIVE;
				CLANG_CXX_LANGUAGE_STANDARD = "gnu++14";
				CLANG_CXX_LIBRARY = "libc++";
				CLANG_ENABLE_MODULES = YES;
				CLANG_ENABLE_OBJC_ARC = YES;
				CLANG_ENABLE_OBJC_WEAK = YES;
				CLANG_WARN_BLOCK_CAPTURE_AUTORELEASING = YES;
				CLANG_WARN_BOOL_CONVERSION = YES;
				CLANG_WARN_COMMA = YES;
				CLANG_WARN_CONSTANT_CONVERSION = YES;
				CLANG_WARN_DEPRECATED_OBJC_IMPLEMENTATIONS = YES;
				CLANG_WARN_DIRECT_OBJC_ISA_USAGE = YES_ERROR;
				CLANG_WARN_DOCUMENTATION_COMMENTS = YES;
				CLANG_WARN_EMPTY_BODY = YES;
				CLANG_WARN_ENUM_CONVERSION = YES;
				CLANG_WARN_INFINITE_RECURSION = YES;
				CLANG_WARN_INT_CONVERSION = YES;
				CLANG_WARN_NON_LITERAL_NULL_CONVERSION = YES;
				CLANG_WARN_OBJC_IMPLICIT_RETAIN_SELF = YES;
				CLANG_WARN_OBJC_LITERAL_CONVERSION = YES;
				CLANG_WARN_OBJC_ROOT_CLASS = YES_ERROR;
				CLANG_WARN_QUOTED_INCLUDE_IN_FRAMEWORK_HEADER = YES;
				CLANG_WARN_RANGE_LOOP_ANALYSIS = YES;
				CLANG_WARN_STRICT_PROTOTYPES = YES;
				CLANG_WARN_SUSPICIOUS_MOVE = YES;
				CLANG_WARN_UNGUARDED_AVAILABILITY = YES_AGGRESSIVE;
				CLANG_WARN_UNREACHABLE_CODE = YES;
				CLANG_WARN__DUPLICATE_METHOD_MATCH = YES;
				COPY_PHASE_STRIP = NO;
				DEBUG_INFORMATION_FORMAT = "dwarf-with-dsym";
				ENABLE_NS_ASSERTIONS = NO;
				ENABLE_STRICT_OBJC_MSGSEND = YES;
				GCC_C_LANGUAGE_STANDARD = gnu11;
				GCC_NO_COMMON_BLOCKS = YES;
				GCC_WARN_64_TO_32_BIT_CONVERSION = YES;
				GCC_WARN_ABOUT_RETURN_TYPE = YES_ERROR;
				GCC_WARN_UNDECLARED_SELECTOR = YES;
				GCC_WARN_UNINITIALIZED_AUTOS = YES_AGGRESSIVE;
				GCC_WARN_UNUSED_FUNCTION = YES;
				GCC_WARN_UNUSED_VARIABLE = YES;
				IPHONEOS_DEPLOYMENT_TARGET = 14.4;
				MTL_ENABLE_DEBUG_INFO = NO;
				MTL_FAST_MATH = YES;
				SDKROOT = iphoneos;
				SWIFT_COMPILATION_MODE = wholemodule;
				SWIFT_OPTIMIZATION_LEVEL = "-O";
				VALIDATE_PRODUCT = YES;
			};
			name = Release;
		};
		2CA3E89C25FCE70300EB81F8 /* Debug */ = {
			isa = XCBuildConfiguration;
			buildSettings = {
				ASSETCATALOG_COMPILER_APPICON_NAME = AppIcon;
				ASSETCATALOG_COMPILER_GLOBAL_ACCENT_COLOR_NAME = AccentColor;
				CODE_SIGN_STYLE = Automatic;
				DEVELOPMENT_TEAM = DXUKH9VF73;
				INFOPLIST_FILE = MapKitTryin/Info.plist;
				LD_RUNPATH_SEARCH_PATHS = (
					"$(inherited)",
					"@executable_path/Frameworks",
				);
				PRODUCT_BUNDLE_IDENTIFIER = io.kamaal.MapKitTryin;
				PRODUCT_NAME = "$(TARGET_NAME)";
				SWIFT_VERSION = 5.0;
				TARGETED_DEVICE_FAMILY = "1,2";
			};
			name = Debug;
		};
		2CA3E89D25FCE70300EB81F8 /* Release */ = {
			isa = XCBuildConfiguration;
			buildSettings = {
				ASSETCATALOG_COMPILER_APPICON_NAME = AppIcon;
				ASSETCATALOG_COMPILER_GLOBAL_ACCENT_COLOR_NAME = AccentColor;
				CODE_SIGN_STYLE = Automatic;
				DEVELOPMENT_TEAM = DXUKH9VF73;
				INFOPLIST_FILE = MapKitTryin/Info.plist;
				LD_RUNPATH_SEARCH_PATHS = (
					"$(inherited)",
					"@executable_path/Frameworks",
				);
				PRODUCT_BUNDLE_IDENTIFIER = io.kamaal.MapKitTryin;
				PRODUCT_NAME = "$(TARGET_NAME)";
				SWIFT_VERSION = 5.0;
				TARGETED_DEVICE_FAMILY = "1,2";
			};
			name = Release;
		};
		2CA3E89F25FCE70300EB81F8 /* Debug */ = {
			isa = XCBuildConfiguration;
			buildSettings = {
				ALWAYS_EMBED_SWIFT_STANDARD_LIBRARIES = YES;
				BUNDLE_LOADER = "$(TEST_HOST)";
				CODE_SIGN_STYLE = Automatic;
				DEVELOPMENT_TEAM = DXUKH9VF73;
				INFOPLIST_FILE = Tests/MapKitTryinTests/Info.plist;
				IPHONEOS_DEPLOYMENT_TARGET = 14.4;
				LD_RUNPATH_SEARCH_PATHS = (
					"$(inherited)",
					"@executable_path/Frameworks",
					"@loader_path/Frameworks",
				);
				PRODUCT_BUNDLE_IDENTIFIER = io.kamaal.MapKitTryinTests;
				PRODUCT_NAME = "$(TARGET_NAME)";
				SWIFT_VERSION = 5.0;
				TARGETED_DEVICE_FAMILY = "1,2";
				TEST_HOST = "$(BUILT_PRODUCTS_DIR)/MapKitTryin.app/MapKitTryin";
			};
			name = Debug;
		};
		2CA3E8A025FCE70300EB81F8 /* Release */ = {
			isa = XCBuildConfiguration;
			buildSettings = {
				ALWAYS_EMBED_SWIFT_STANDARD_LIBRARIES = YES;
				BUNDLE_LOADER = "$(TEST_HOST)";
				CODE_SIGN_STYLE = Automatic;
				DEVELOPMENT_TEAM = DXUKH9VF73;
				INFOPLIST_FILE = Tests/MapKitTryinTests/Info.plist;
				IPHONEOS_DEPLOYMENT_TARGET = 14.4;
				LD_RUNPATH_SEARCH_PATHS = (
					"$(inherited)",
					"@executable_path/Frameworks",
					"@loader_path/Frameworks",
				);
				PRODUCT_BUNDLE_IDENTIFIER = io.kamaal.MapKitTryinTests;
				PRODUCT_NAME = "$(TARGET_NAME)";
				SWIFT_VERSION = 5.0;
				TARGETED_DEVICE_FAMILY = "1,2";
				TEST_HOST = "$(BUILT_PRODUCTS_DIR)/MapKitTryin.app/MapKitTryin";
			};
			name = Release;
		};
		2CA3E8A225FCE70300EB81F8 /* Debug */ = {
			isa = XCBuildConfiguration;
			buildSettings = {
				ALWAYS_EMBED_SWIFT_STANDARD_LIBRARIES = YES;
				CODE_SIGN_STYLE = Automatic;
				DEVELOPMENT_TEAM = DXUKH9VF73;
				INFOPLIST_FILE = Tests/MapKitTryinUITests/Info.plist;
				LD_RUNPATH_SEARCH_PATHS = (
					"$(inherited)",
					"@executable_path/Frameworks",
					"@loader_path/Frameworks",
				);
				PRODUCT_BUNDLE_IDENTIFIER = io.kamaal.MapKitTryinUITests;
				PRODUCT_NAME = "$(TARGET_NAME)";
				SWIFT_VERSION = 5.0;
				TARGETED_DEVICE_FAMILY = "1,2";
				TEST_TARGET_NAME = MapKitTryin;
			};
			name = Debug;
		};
		2CA3E8A325FCE70300EB81F8 /* Release */ = {
			isa = XCBuildConfiguration;
			buildSettings = {
				ALWAYS_EMBED_SWIFT_STANDARD_LIBRARIES = YES;
				CODE_SIGN_STYLE = Automatic;
				DEVELOPMENT_TEAM = DXUKH9VF73;
				INFOPLIST_FILE = Tests/MapKitTryinUITests/Info.plist;
				LD_RUNPATH_SEARCH_PATHS = (
					"$(inherited)",
					"@executable_path/Frameworks",
					"@loader_path/Frameworks",
				);
				PRODUCT_BUNDLE_IDENTIFIER = io.kamaal.MapKitTryinUITests;
				PRODUCT_NAME = "$(TARGET_NAME)";
				SWIFT_VERSION = 5.0;
				TARGETED_DEVICE_FAMILY = "1,2";
				TEST_TARGET_NAME = MapKitTryin;
			};
			name = Release;
		};
/* End XCBuildConfiguration section */

/* Begin XCConfigurationList section */
		2CA3E86C25FCE70000EB81F8 /* Build configuration list for PBXProject "MapKitTryin" */ = {
			isa = XCConfigurationList;
			buildConfigurations = (
				2CA3E89925FCE70300EB81F8 /* Debug */,
				2CA3E89A25FCE70300EB81F8 /* Release */,
			);
			defaultConfigurationIsVisible = 0;
			defaultConfigurationName = Release;
		};
		2CA3E89B25FCE70300EB81F8 /* Build configuration list for PBXNativeTarget "MapKitTryin" */ = {
			isa = XCConfigurationList;
			buildConfigurations = (
				2CA3E89C25FCE70300EB81F8 /* Debug */,
				2CA3E89D25FCE70300EB81F8 /* Release */,
			);
			defaultConfigurationIsVisible = 0;
			defaultConfigurationName = Release;
		};
		2CA3E89E25FCE70300EB81F8 /* Build configuration list for PBXNativeTarget "MapKitTryinTests" */ = {
			isa = XCConfigurationList;
			buildConfigurations = (
				2CA3E89F25FCE70300EB81F8 /* Debug */,
				2CA3E8A025FCE70300EB81F8 /* Release */,
			);
			defaultConfigurationIsVisible = 0;
			defaultConfigurationName = Release;
		};
		2CA3E8A125FCE70300EB81F8 /* Build configuration list for PBXNativeTarget "MapKitTryinUITests" */ = {
			isa = XCConfigurationList;
			buildConfigurations = (
				2CA3E8A225FCE70300EB81F8 /* Debug */,
				2CA3E8A325FCE70300EB81F8 /* Release */,
			);
			defaultConfigurationIsVisible = 0;
			defaultConfigurationName = Release;
		};
/* End XCConfigurationList section */
	};
	rootObject = 2CA3E86925FCE70000EB81F8 /* Project object */;
}
